
Microsoft Visual Studio Solution File, Format Version 12.00
# Visual Studio 15
VisualStudioVersion = 15.0.26228.12
MinimumVisualStudioVersion = 10.0.40219.1
Project("{FAE04EC0-301F-11D3-BF4B-00C04F79EFBC}") = "Reports", "Reports\Reports.csproj", "{6379DAB4-2935-4DF6-B69A-BFEC282F3BBD}"
EndProject
Project("{FAE04EC0-301F-11D3-BF4B-00C04F79EFBC}") = "Utils", "Utils\Utils.csproj", "{E9F008BD-B960-4410-85EA-E4C7A52F37A5}"
EndProject
Project("{FAE04EC0-301F-11D3-BF4B-00C04F79EFBC}") = "Presentation", "Presentation\Presentation.csproj", "{65CF1A86-FFBB-4A85-B7CF-15A95376B624}"
EndProject
Project("{FAE04EC0-301F-11D3-BF4B-00C04F79EFBC}") = "Model", "Model\Model.csproj", "{EFD999C7-9D80-4773-8535-B2275BA40BF6}"
EndProject
Project("{FAE04EC0-301F-11D3-BF4B-00C04F79EFBC}") = "BussinessLogic", "BussinessLogic\BussinessLogic.csproj", "{0BA1AE06-B1F2-46BE-9134-89D8585D5D10}"
EndProject
Project("{FAE04EC0-301F-11D3-BF4B-00C04F79EFBC}") = "DataAccess", "DataAccess\DataAccess.csproj", "{ED618A2A-FBA8-4866-A745-E7E7F733E561}"
EndProject
Global
	GlobalSection(SolutionConfigurationPlatforms) = preSolution
		Debug|Any CPU = Debug|Any CPU
		Release|Any CPU = Release|Any CPU
	EndGlobalSection
	GlobalSection(ProjectConfigurationPlatforms) = postSolution
		{6379DAB4-2935-4DF6-B69A-BFEC282F3BBD}.Debug|Any CPU.ActiveCfg = Debug|Any CPU
		{6379DAB4-2935-4DF6-B69A-BFEC282F3BBD}.Debug|Any CPU.Build.0 = Debug|Any CPU
		{6379DAB4-2935-4DF6-B69A-BFEC282F3BBD}.Release|Any CPU.ActiveCfg = Release|Any CPU
		{6379DAB4-2935-4DF6-B69A-BFEC282F3BBD}.Release|Any CPU.Build.0 = Release|Any CPU
		{E9F008BD-B960-4410-85EA-E4C7A52F37A5}.Debug|Any CPU.ActiveCfg = Debug|Any CPU
		{E9F008BD-B960-4410-85EA-E4C7A52F37A5}.Debug|Any CPU.Build.0 = Debug|Any CPU
		{E9F008BD-B960-4410-85EA-E4C7A52F37A5}.Release|Any CPU.ActiveCfg = Release|Any CPU
		{E9F008BD-B960-4410-85EA-E4C7A52F37A5}.Release|Any CPU.Build.0 = Release|Any CPU
		{65CF1A86-FFBB-4A85-B7CF-15A95376B624}.Debug|Any CPU.ActiveCfg = Debug|Any CPU
		{65CF1A86-FFBB-4A85-B7CF-15A95376B624}.Debug|Any CPU.Build.0 = Debug|Any CPU
		{65CF1A86-FFBB-4A85-B7CF-15A95376B624}.Release|Any CPU.ActiveCfg = Release|Any CPU
		{65CF1A86-FFBB-4A85-B7CF-15A95376B624}.Release|Any CPU.Build.0 = Release|Any CPU
		{EFD999C7-9D80-4773-8535-B2275BA40BF6}.Debug|Any CPU.ActiveCfg = Debug|Any CPU
		{EFD999C7-9D80-4773-8535-B2275BA40BF6}.Debug|Any CPU.Build.0 = Debug|Any CPU
		{EFD999C7-9D80-4773-8535-B2275BA40BF6}.Release|Any CPU.ActiveCfg = Release|Any CPU
		{EFD999C7-9D80-4773-8535-B2275BA40BF6}.Release|Any CPU.Build.0 = Release|Any CPU
		{0BA1AE06-B1F2-46BE-9134-89D8585D5D10}.Debug|Any CPU.ActiveCfg = Debug|Any CPU
		{0BA1AE06-B1F2-46BE-9134-89D8585D5D10}.Debug|Any CPU.Build.0 = Debug|Any CPU
		{0BA1AE06-B1F2-46BE-9134-89D8585D5D10}.Release|Any CPU.ActiveCfg = Release|Any CPU
		{0BA1AE06-B1F2-46BE-9134-89D8585D5D10}.Release|Any CPU.Build.0 = Release|Any CPU
		{ED618A2A-FBA8-4866-A745-E7E7F733E561}.Debug|Any CPU.ActiveCfg = Debug|Any CPU
		{ED618A2A-FBA8-4866-A745-E7E7F733E561}.Debug|Any CPU.Build.0 = Debug|Any CPU
		{ED618A2A-FBA8-4866-A745-E7E7F733E561}.Release|Any CPU.ActiveCfg = Release|Any CPU
		{ED618A2A-FBA8-4866-A745-E7E7F733E561}.Release|Any CPU.Build.0 = Release|Any CPU
	EndGlobalSection
	GlobalSection(SolutionProperties) = preSolution
		HideSolutionNode = FALSE
	EndGlobalSection
EndGlobal
